
Microsoft Visual Studio Solution File, Format Version 12.00
# Visual Studio 15
VisualStudioVersion = 15.0.27703.2035
MinimumVisualStudioVersion = 10.0.40219.1
Project("{FAE04EC0-301F-11D3-BF4B-00C04F79EFBC}") = "Cosmo", "Cosmo\Cosmo.csproj", "{1BEDDE59-3A3E-477E-BCC7-E78D04829524}"
EndProject
Global
	GlobalSection(SolutionConfigurationPlatforms) = preSolution
		Debug|Any CPU = Debug|Any CPU
		Release|Any CPU = Release|Any CPU
	EndGlobalSection
	GlobalSection(ProjectConfigurationPlatforms) = postSolution
		{1BEDDE59-3A3E-477E-BCC7-E78D04829524}.Debug|Any CPU.ActiveCfg = Debug|Any CPU
		{1BEDDE59-3A3E-477E-BCC7-E78D04829524}.Debug|Any CPU.Build.0 = Debug|Any CPU
		{1BEDDE59-3A3E-477E-BCC7-E78D04829524}.Release|Any CPU.ActiveCfg = Release|Any CPU
		{1BEDDE59-3A3E-477E-BCC7-E78D04829524}.Release|Any CPU.Build.0 = Release|Any CPU
	EndGlobalSection
	GlobalSection(SolutionProperties) = preSolution
		HideSolutionNode = FALSE
	EndGlobalSection
	GlobalSection(ExtensibilityGlobals) = postSolution
		SolutionGuid = {DC4C1A55-7A75-4532-94F7-295F94BB0874}
	EndGlobalSection
EndGlobal
